
Microsoft Visual Studio Solution File, Format Version 12.00
# Visual Studio Version 17
VisualStudioVersion = 17.4.33213.308
MinimumVisualStudioVersion = 10.0.40219.1
Project("{FAE04EC0-301F-11D3-BF4B-00C04F79EFBC}") = "Updater", "Updater\Updater.csproj", "{0E016645-BF24-4E66-83BB-6917057ADDF4}"
EndProject
Project("{FAE04EC0-301F-11D3-BF4B-00C04F79EFBC}") = "UpdateBuilder", "UpdateBuilder\UpdateBuilder.csproj", "{DE19C552-CFAD-4E5D-8C62-3AF754C1F67E}"
EndProject
Global
	GlobalSection(SolutionConfigurationPlatforms) = preSolution
		Debug|Any CPU = Debug|Any CPU
		Release|Any CPU = Release|Any CPU
	EndGlobalSection
	GlobalSection(ProjectConfigurationPlatforms) = postSolution
		{0E016645-BF24-4E66-83BB-6917057ADDF4}.Debug|Any CPU.ActiveCfg = Debug|Any CPU
		{0E016645-BF24-4E66-83BB-6917057ADDF4}.Debug|Any CPU.Build.0 = Debug|Any CPU
		{0E016645-BF24-4E66-83BB-6917057ADDF4}.Release|Any CPU.ActiveCfg = Release|Any CPU
		{0E016645-BF24-4E66-83BB-6917057ADDF4}.Release|Any CPU.Build.0 = Release|Any CPU
		{DE19C552-CFAD-4E5D-8C62-3AF754C1F67E}.Debug|Any CPU.ActiveCfg = Debug|Any CPU
		{DE19C552-CFAD-4E5D-8C62-3AF754C1F67E}.Debug|Any CPU.Build.0 = Debug|Any CPU
		{DE19C552-CFAD-4E5D-8C62-3AF754C1F67E}.Release|Any CPU.ActiveCfg = Release|Any CPU
		{DE19C552-CFAD-4E5D-8C62-3AF754C1F67E}.Release|Any CPU.Build.0 = Release|Any CPU
	EndGlobalSection
	GlobalSection(SolutionProperties) = preSolution
		HideSolutionNode = FALSE
	EndGlobalSection
	GlobalSection(ExtensibilityGlobals) = postSolution
		SolutionGuid = {5B5ED7E5-BF6D-4E89-BA82-0CFA3B0940CF}
	EndGlobalSection
EndGlobal
